
Microsoft Visual Studio Solution File, Format Version 12.00
# Visual Studio 2013
VisualStudioVersion = 12.0.30723.0
MinimumVisualStudioVersion = 10.0.40219.1
Project("{FAE04EC0-301F-11D3-BF4B-00C04F79EFBC}") = "LeoBridge", "LeoBridge\LeoBridge.csproj", "{50ED1E8B-7B3B-4B3D-A40D-11456D2112BA}"
EndProject
Project("{FAE04EC0-301F-11D3-BF4B-00C04F79EFBC}") = "LeoBridge.Test", "Test\LeoBridge.Test.csproj", "{8AEAE24F-07A5-43F1-A728-607C8B10A61F}"
EndProject
Global
	GlobalSection(SolutionConfigurationPlatforms) = preSolution
		Debug TestSend.vbs|Any CPU = Debug TestSend.vbs|Any CPU
		Debug TestService.vbs|Any CPU = Debug TestService.vbs|Any CPU
		Debug|Any CPU = Debug|Any CPU
		Release|Any CPU = Release|Any CPU
	EndGlobalSection
	GlobalSection(ProjectConfigurationPlatforms) = postSolution
		{50ED1E8B-7B3B-4B3D-A40D-11456D2112BA}.Debug TestSend.vbs|Any CPU.ActiveCfg = Debug TestSend.vbs|Any CPU
		{50ED1E8B-7B3B-4B3D-A40D-11456D2112BA}.Debug TestSend.vbs|Any CPU.Build.0 = Debug TestSend.vbs|Any CPU
		{50ED1E8B-7B3B-4B3D-A40D-11456D2112BA}.Debug TestService.vbs|Any CPU.ActiveCfg = Debug TestService.vbs|Any CPU
		{50ED1E8B-7B3B-4B3D-A40D-11456D2112BA}.Debug TestService.vbs|Any CPU.Build.0 = Debug TestService.vbs|Any CPU
		{50ED1E8B-7B3B-4B3D-A40D-11456D2112BA}.Debug|Any CPU.ActiveCfg = Debug|Any CPU
		{50ED1E8B-7B3B-4B3D-A40D-11456D2112BA}.Debug|Any CPU.Build.0 = Debug|Any CPU
		{50ED1E8B-7B3B-4B3D-A40D-11456D2112BA}.Release|Any CPU.ActiveCfg = Release|Any CPU
		{50ED1E8B-7B3B-4B3D-A40D-11456D2112BA}.Release|Any CPU.Build.0 = Release|Any CPU
		{8AEAE24F-07A5-43F1-A728-607C8B10A61F}.Debug TestSend.vbs|Any CPU.ActiveCfg = Debug TestSend.vbs|Any CPU
		{8AEAE24F-07A5-43F1-A728-607C8B10A61F}.Debug TestSend.vbs|Any CPU.Build.0 = Debug TestSend.vbs|Any CPU
		{8AEAE24F-07A5-43F1-A728-607C8B10A61F}.Debug TestService.vbs|Any CPU.ActiveCfg = Debug TestService.vbs|Any CPU
		{8AEAE24F-07A5-43F1-A728-607C8B10A61F}.Debug TestService.vbs|Any CPU.Build.0 = Debug TestService.vbs|Any CPU
		{8AEAE24F-07A5-43F1-A728-607C8B10A61F}.Debug|Any CPU.ActiveCfg = Debug|Any CPU
		{8AEAE24F-07A5-43F1-A728-607C8B10A61F}.Debug|Any CPU.Build.0 = Debug|Any CPU
		{8AEAE24F-07A5-43F1-A728-607C8B10A61F}.Release|Any CPU.ActiveCfg = Release|Any CPU
		{8AEAE24F-07A5-43F1-A728-607C8B10A61F}.Release|Any CPU.Build.0 = Release|Any CPU
	EndGlobalSection
	GlobalSection(SolutionProperties) = preSolution
		HideSolutionNode = FALSE
	EndGlobalSection
EndGlobal
